// !$*UTF8*$!
{
	archiveVersion = 1;
	classes = {
	};
	objectVersion = 50;
	objects = {

/* Begin PBXBuildFile section */
		F28D8E2426C97417003A885A /* AppDelegate.swift in Sources */ = {isa = PBXBuildFile; fileRef = F28D8E2326C97417003A885A /* AppDelegate.swift */; };
		F28D8E2626C97417003A885A /* SceneDelegate.swift in Sources */ = {isa = PBXBuildFile; fileRef = F28D8E2526C97417003A885A /* SceneDelegate.swift */; };
		F28D8E2826C97417003A885A /* ViewController.swift in Sources */ = {isa = PBXBuildFile; fileRef = F28D8E2726C97417003A885A /* ViewController.swift */; };
		F28D8E2B26C97417003A885A /* Main.storyboard in Resources */ = {isa = PBXBuildFile; fileRef = F28D8E2926C97417003A885A /* Main.storyboard */; };
		F28D8E2D26C9741A003A885A /* Assets.xcassets in Resources */ = {isa = PBXBuildFile; fileRef = F28D8E2C26C9741A003A885A /* Assets.xcassets */; };
		F28D8E3026C9741A003A885A /* LaunchScreen.storyboard in Resources */ = {isa = PBXBuildFile; fileRef = F28D8E2E26C9741A003A885A /* LaunchScreen.storyboard */; };
		F28D8E3B26C9741A003A885A /* TestingTextFieldsTests.swift in Sources */ = {isa = PBXBuildFile; fileRef = F28D8E3A26C9741A003A885A /* TestingTextFieldsTests.swift */; };
/* End PBXBuildFile section */

/* Begin PBXContainerItemProxy section */
		F28D8E3726C9741A003A885A /* PBXContainerItemProxy */ = {
			isa = PBXContainerItemProxy;
			containerPortal = F28D8E1826C97417003A885A /* Project object */;
			proxyType = 1;
			remoteGlobalIDString = F28D8E1F26C97417003A885A;
			remoteInfo = TestingTextFields;
		};
/* End PBXContainerItemProxy section */

/* Begin PBXFileReference section */
		F28D8E2026C97417003A885A /* TestingTextFields.app */ = {isa = PBXFileReference; explicitFileType = wrapper.application; includeInIndex = 0; path = TestingTextFields.app; sourceTree = BUILT_PRODUCTS_DIR; };
		F28D8E2326C97417003A885A /* AppDelegate.swift */ = {isa = PBXFileReference; lastKnownFileType = sourcecode.swift; path = AppDelegate.swift; sourceTree = "<group>"; };
		F28D8E2526C97417003A885A /* SceneDelegate.swift */ = {isa = PBXFileReference; lastKnownFileType = sourcecode.swift; path = SceneDelegate.swift; sourceTree = "<group>"; };
		F28D8E2726C97417003A885A /* ViewController.swift */ = {isa = PBXFileReference; lastKnownFileType = sourcecode.swift; path = ViewController.swift; sourceTree = "<group>"; };
		F28D8E2A26C97417003A885A /* Base */ = {isa = PBXFileReference; lastKnownFileType = file.storyboard; name = Base; path = Base.lproj/Main.storyboard; sourceTree = "<group>"; };
		F28D8E2C26C9741A003A885A /* Assets.xcassets */ = {isa = PBXFileReference; lastKnownFileType = folder.assetcatalog; path = Assets.xcassets; sourceTree = "<group>"; };
		F28D8E2F26C9741A003A885A /* Base */ = {isa = PBXFileReference; lastKnownFileType = file.storyboard; name = Base; path = Base.lproj/LaunchScreen.storyboard; sourceTree = "<group>"; };
		F28D8E3126C9741A003A885A /* Info.plist */ = {isa = PBXFileReference; lastKnownFileType = text.plist.xml; path = Info.plist; sourceTree = "<group>"; };
		F28D8E3626C9741A003A885A /* TestingTextFieldsTests.xctest */ = {isa = PBXFileReference; explicitFileType = wrapper.cfbundle; includeInIndex = 0; path = TestingTextFieldsTests.xctest; sourceTree = BUILT_PRODUCTS_DIR; };
		F28D8E3A26C9741A003A885A /* TestingTextFieldsTests.swift */ = {isa = PBXFileReference; lastKnownFileType = sourcecode.swift; path = TestingTextFieldsTests.swift; sourceTree = "<group>"; };
		F28D8E3C26C9741A003A885A /* Info.plist */ = {isa = PBXFileReference; lastKnownFileType = text.plist.xml; path = Info.plist; sourceTree = "<group>"; };
/* End PBXFileReference section */

/* Begin PBXFrameworksBuildPhase section */
		F28D8E1D26C97417003A885A /* Frameworks */ = {
			isa = PBXFrameworksBuildPhase;
			buildActionMask = 2147483647;
			files = (
			);
			runOnlyForDeploymentPostprocessing = 0;
		};
		F28D8E3326C9741A003A885A /* Frameworks */ = {
			isa = PBXFrameworksBuildPhase;
			buildActionMask = 2147483647;
			files = (
			);
			runOnlyForDeploymentPostprocessing = 0;
		};
/* End PBXFrameworksBuildPhase section */

/* Begin PBXGroup section */
		F28D8E1726C97417003A885A = {
			isa = PBXGroup;
			children = (
				F28D8E2226C97417003A885A /* TestingTextFields */,
				F28D8E3926C9741A003A885A /* TestingTextFieldsTests */,
				F28D8E2126C97417003A885A /* Products */,
			);
			sourceTree = "<group>";
		};
		F28D8E2126C97417003A885A /* Products */ = {
			isa = PBXGroup;
			children = (
				F28D8E2026C97417003A885A /* TestingTextFields.app */,
				F28D8E3626C9741A003A885A /* TestingTextFieldsTests.xctest */,
			);
			name = Products;
			sourceTree = "<group>";
		};
		F28D8E2226C97417003A885A /* TestingTextFields */ = {
			isa = PBXGroup;
			children = (
				F28D8E2326C97417003A885A /* AppDelegate.swift */,
				F28D8E2526C97417003A885A /* SceneDelegate.swift */,
				F28D8E2726C97417003A885A /* ViewController.swift */,
				F28D8E2926C97417003A885A /* Main.storyboard */,
				F28D8E2C26C9741A003A885A /* Assets.xcassets */,
				F28D8E2E26C9741A003A885A /* LaunchScreen.storyboard */,
				F28D8E3126C9741A003A885A /* Info.plist */,
			);
			path = TestingTextFields;
			sourceTree = "<group>";
		};
		F28D8E3926C9741A003A885A /* TestingTextFieldsTests */ = {
			isa = PBXGroup;
			children = (
				F28D8E3A26C9741A003A885A /* TestingTextFieldsTests.swift */,
				F28D8E3C26C9741A003A885A /* Info.plist */,
			);
			path = TestingTextFieldsTests;
			sourceTree = "<group>";
		};
/* End PBXGroup section */

/* Begin PBXNativeTarget section */
		F28D8E1F26C97417003A885A /* TestingTextFields */ = {
			isa = PBXNativeTarget;
			buildConfigurationList = F28D8E4A26C9741A003A885A /* Build configuration list for PBXNativeTarget "TestingTextFields" */;
			buildPhases = (
				F28D8E1C26C97417003A885A /* Sources */,
				F28D8E1D26C97417003A885A /* Frameworks */,
				F28D8E1E26C97417003A885A /* Resources */,
			);
			buildRules = (
			);
			dependencies = (
			);
			name = TestingTextFields;
			productName = TestingTextFields;
			productReference = F28D8E2026C97417003A885A /* TestingTextFields.app */;
			productType = "com.apple.product-type.application";
		};
		F28D8E3526C9741A003A885A /* TestingTextFieldsTests */ = {
			isa = PBXNativeTarget;
			buildConfigurationList = F28D8E4D26C9741A003A885A /* Build configuration list for PBXNativeTarget "TestingTextFieldsTests" */;
			buildPhases = (
				F28D8E3226C9741A003A885A /* Sources */,
				F28D8E3326C9741A003A885A /* Frameworks */,
				F28D8E3426C9741A003A885A /* Resources */,
			);
			buildRules = (
			);
			dependencies = (
				F28D8E3826C9741A003A885A /* PBXTargetDependency */,
			);
			name = TestingTextFieldsTests;
			productName = TestingTextFieldsTests;
			productReference = F28D8E3626C9741A003A885A /* TestingTextFieldsTests.xctest */;
			productType = "com.apple.product-type.bundle.unit-test";
		};
/* End PBXNativeTarget section */

/* Begin PBXProject section */
		F28D8E1826C97417003A885A /* Project object */ = {
			isa = PBXProject;
			attributes = {
				LastSwiftUpdateCheck = 1250;
				LastUpgradeCheck = 1250;
				TargetAttributes = {
					F28D8E1F26C97417003A885A = {
						CreatedOnToolsVersion = 12.5.1;
					};
					F28D8E3526C9741A003A885A = {
						CreatedOnToolsVersion = 12.5.1;
						TestTargetID = F28D8E1F26C97417003A885A;
					};
				};
			};
			buildConfigurationList = F28D8E1B26C97417003A885A /* Build configuration list for PBXProject "TestingTextFields" */;
			compatibilityVersion = "Xcode 9.3";
			developmentRegion = en;
			hasScannedForEncodings = 0;
			knownRegions = (
				en,
				Base,
			);
			mainGroup = F28D8E1726C97417003A885A;
			productRefGroup = F28D8E2126C97417003A885A /* Products */;
			projectDirPath = "";
			projectRoot = "";
			targets = (
				F28D8E1F26C97417003A885A /* TestingTextFields */,
				F28D8E3526C9741A003A885A /* TestingTextFieldsTests */,
			);
		};
/* End PBXProject section */

/* Begin PBXResourcesBuildPhase section */
		F28D8E1E26C97417003A885A /* Resources */ = {
			isa = PBXResourcesBuildPhase;
			buildActionMask = 2147483647;
			files = (
				F28D8E3026C9741A003A885A /* LaunchScreen.storyboard in Resources */,
				F28D8E2D26C9741A003A885A /* Assets.xcassets in Resources */,
				F28D8E2B26C97417003A885A /* Main.storyboard in Resources */,
			);
			runOnlyForDeploymentPostprocessing = 0;
		};
		F28D8E3426C9741A003A885A /* Resources */ = {
			isa = PBXResourcesBuildPhase;
			buildActionMask = 2147483647;
			files = (
			);
			runOnlyForDeploymentPostprocessing = 0;
		};
/* End PBXResourcesBuildPhase section */

/* Begin PBXSourcesBuildPhase section */
		F28D8E1C26C97417003A885A /* Sources */ = {
			isa = PBXSourcesBuildPhase;
			buildActionMask = 2147483647;
			files = (
				F28D8E2826C97417003A885A /* ViewController.swift in Sources */,
				F28D8E2426C97417003A885A /* AppDelegate.swift in Sources */,
				F28D8E2626C97417003A885A /* SceneDelegate.swift in Sources */,
			);
			runOnlyForDeploymentPostprocessing = 0;
		};
		F28D8E3226C9741A003A885A /* Sources */ = {
			isa = PBXSourcesBuildPhase;
			buildActionMask = 2147483647;
			files = (
				F28D8E3B26C9741A003A885A /* TestingTextFieldsTests.swift in Sources */,
			);
			runOnlyForDeploymentPostprocessing = 0;
		};
/* End PBXSourcesBuildPhase section */

/* Begin PBXTargetDependency section */
		F28D8E3826C9741A003A885A /* PBXTargetDependency */ = {
			isa = PBXTargetDependency;
			target = F28D8E1F26C97417003A885A /* TestingTextFields */;
			targetProxy = F28D8E3726C9741A003A885A /* PBXContainerItemProxy */;
		};
/* End PBXTargetDependency section */

/* Begin PBXVariantGroup section */
		F28D8E2926C97417003A885A /* Main.storyboard */ = {
			isa = PBXVariantGroup;
			children = (
				F28D8E2A26C97417003A885A /* Base */,
			);
			name = Main.storyboard;
			sourceTree = "<group>";
		};
		F28D8E2E26C9741A003A885A /* LaunchScreen.storyboard */ = {
			isa = PBXVariantGroup;
			children = (
				F28D8E2F26C9741A003A885A /* Base */,
			);
			name = LaunchScreen.storyboard;
			sourceTree = "<group>";
		};
/* End PBXVariantGroup section */

/* Begin XCBuildConfiguration section */
		F28D8E4826C9741A003A885A /* Debug */ = {
			isa = XCBuildConfiguration;
			buildSettings = {
				ALWAYS_SEARCH_USER_PATHS = NO;
				CLANG_ANALYZER_NONNULL = YES;
				CLANG_ANALYZER_NUMBER_OBJECT_CONVERSION = YES_AGGRESSIVE;
				CLANG_CXX_LANGUAGE_STANDARD = "gnu++14";
				CLANG_CXX_LIBRARY = "libc++";
				CLANG_ENABLE_MODULES = YES;
				CLANG_ENABLE_OBJC_ARC = YES;
				CLANG_ENABLE_OBJC_WEAK = YES;
				CLANG_WARN_BLOCK_CAPTURE_AUTORELEASING = YES;
				CLANG_WARN_BOOL_CONVERSION = YES;
				CLANG_WARN_COMMA = YES;
				CLANG_WARN_CONSTANT_CONVERSION = YES;
				CLANG_WARN_DEPRECATED_OBJC_IMPLEMENTATIONS = YES;
				CLANG_WARN_DIRECT_OBJC_ISA_USAGE = YES_ERROR;
				CLANG_WARN_DOCUMENTATION_COMMENTS = YES;
				CLANG_WARN_EMPTY_BODY = YES;
				CLANG_WARN_ENUM_CONVERSION = YES;
				CLANG_WARN_INFINITE_RECURSION = YES;
				CLANG_WARN_INT_CONVERSION = YES;
				CLANG_WARN_NON_LITERAL_NULL_CONVERSION = YES;
				CLANG_WARN_OBJC_IMPLICIT_RETAIN_SELF = YES;
				CLANG_WARN_OBJC_LITERAL_CONVERSION = YES;
				CLANG_WARN_OBJC_ROOT_CLASS = YES_ERROR;
				CLANG_WARN_QUOTED_INCLUDE_IN_FRAMEWORK_HEADER = YES;
				CLANG_WARN_RANGE_LOOP_ANALYSIS = YES;
				CLANG_WARN_STRICT_PROTOTYPES = YES;
				CLANG_WARN_SUSPICIOUS_MOVE = YES;
				CLANG_WARN_UNGUARDED_AVAILABILITY = YES_AGGRESSIVE;
				CLANG_WARN_UNREACHABLE_CODE = YES;
				CLANG_WARN__DUPLICATE_METHOD_MATCH = YES;
				COPY_PHASE_STRIP = NO;
				DEBUG_INFORMATION_FORMAT = dwarf;
				ENABLE_STRICT_OBJC_MSGSEND = YES;
				ENABLE_TESTABILITY = YES;
				GCC_C_LANGUAGE_STANDARD = gnu11;
				GCC_DYNAMIC_NO_PIC = NO;
				GCC_NO_COMMON_BLOCKS = YES;
				GCC_OPTIMIZATION_LEVEL = 0;
				GCC_PREPROCESSOR_DEFINITIONS = (
					"DEBUG=1",
					"$(inherited)",
				);
				GCC_WARN_64_TO_32_BIT_CONVERSION = YES;
				GCC_WARN_ABOUT_RETURN_TYPE = YES_ERROR;
				GCC_WARN_UNDECLARED_SELECTOR = YES;
				GCC_WARN_UNINITIALIZED_AUTOS = YES_AGGRESSIVE;
				GCC_WARN_UNUSED_FUNCTION = YES;
				GCC_WARN_UNUSED_VARIABLE = YES;
				IPHONEOS_DEPLOYMENT_TARGET = 14.5;
				MTL_ENABLE_DEBUG_INFO = INCLUDE_SOURCE;
				MTL_FAST_MATH = YES;
				ONLY_ACTIVE_ARCH = YES;
				SDKROOT = iphoneos;
				SWIFT_ACTIVE_COMPILATION_CONDITIONS = DEBUG;
				SWIFT_OPTIMIZATION_LEVEL = "-Onone";
			};
			name = Debug;
		};
		F28D8E4926C9741A003A885A /* Release */ = {
			isa = XCBuildConfiguration;
			buildSettings = {
				ALWAYS_SEARCH_USER_PATHS = NO;
				CLANG_ANALYZER_NONNULL = YES;
				CLANG_ANALYZER_NUMBER_OBJECT_CONVERSION = YES_AGGRESSIVE;
				CLANG_CXX_LANGUAGE_STANDARD = "gnu++14";
				CLANG_CXX_LIBRARY = "libc++";
				CLANG_ENABLE_MODULES = YES;
				CLANG_ENABLE_OBJC_ARC = YES;
				CLANG_ENABLE_OBJC_WEAK = YES;
				CLANG_WARN_BLOCK_CAPTURE_AUTORELEASING = YES;
				CLANG_WARN_BOOL_CONVERSION = YES;
				CLANG_WARN_COMMA = YES;
				CLANG_WARN_CONSTANT_CONVERSION = YES;
				CLANG_WARN_DEPRECATED_OBJC_IMPLEMENTATIONS = YES;
				CLANG_WARN_DIRECT_OBJC_ISA_USAGE = YES_ERROR;
				CLANG_WARN_DOCUMENTATION_COMMENTS = YES;
				CLANG_WARN_EMPTY_BODY = YES;
				CLANG_WARN_ENUM_CONVERSION = YES;
				CLANG_WARN_INFINITE_RECURSION = YES;
				CLANG_WARN_INT_CONVERSION = YES;
				CLANG_WARN_NON_LITERAL_NULL_CONVERSION = YES;
				CLANG_WARN_OBJC_IMPLICIT_RETAIN_SELF = YES;
				CLANG_WARN_OBJC_LITERAL_CONVERSION = YES;
				CLANG_WARN_OBJC_ROOT_CLASS = YES_ERROR;
				CLANG_WARN_QUOTED_INCLUDE_IN_FRAMEWORK_HEADER = YES;
				CLANG_WARN_RANGE_LOOP_ANALYSIS = YES;
				CLANG_WARN_STRICT_PROTOTYPES = YES;
				CLANG_WARN_SUSPICIOUS_MOVE = YES;
				CLANG_WARN_UNGUARDED_AVAILABILITY = YES_AGGRESSIVE;
				CLANG_WARN_UNREACHABLE_CODE = YES;
				CLANG_WARN__DUPLICATE_METHOD_MATCH = YES;
				COPY_PHASE_STRIP = NO;
				DEBUG_INFORMATION_FORMAT = "dwarf-with-dsym";
				ENABLE_NS_ASSERTIONS = NO;
				ENABLE_STRICT_OBJC_MSGSEND = YES;
				GCC_C_LANGUAGE_STANDARD = gnu11;
				GCC_NO_COMMON_BLOCKS = YES;
				GCC_WARN_64_TO_32_BIT_CONVERSION = YES;
				GCC_WARN_ABOUT_RETURN_TYPE = YES_ERROR;
				GCC_WARN_UNDECLARED_SELECTOR = YES;
				GCC_WARN_UNINITIALIZED_AUTOS = YES_AGGRESSIVE;
				GCC_WARN_UNUSED_FUNCTION = YES;
				GCC_WARN_UNUSED_VARIABLE = YES;
				IPHONEOS_DEPLOYMENT_TARGET = 14.5;
				MTL_ENABLE_DEBUG_INFO = NO;
				MTL_FAST_MATH = YES;
				SDKROOT = iphoneos;
				SWIFT_COMPILATION_MODE = wholemodule;
				SWIFT_OPTIMIZATION_LEVEL = "-O";
				VALIDATE_PRODUCT = YES;
			};
			name = Release;
		};
		F28D8E4B26C9741A003A885A /* Debug */ = {
			isa = XCBuildConfiguration;
			buildSettings = {
				ASSETCATALOG_COMPILER_APPICON_NAME = AppIcon;
				ASSETCATALOG_COMPILER_GLOBAL_ACCENT_COLOR_NAME = AccentColor;
				CODE_SIGN_STYLE = Automatic;
				DEVELOPMENT_TEAM = D4ZUPHQCZR;
				INFOPLIST_FILE = TestingTextFields/Info.plist;
				LD_RUNPATH_SEARCH_PATHS = (
					"$(inherited)",
					"@executable_path/Frameworks",
				);
				PRODUCT_BUNDLE_IDENTIFIER = mario.TestingTextFields;
				PRODUCT_NAME = "$(TARGET_NAME)";
				SWIFT_VERSION = 5.0;
				TARGETED_DEVICE_FAMILY = "1,2";
			};
			name = Debug;
		};
		F28D8E4C26C9741A003A885A /* Release */ = {
			isa = XCBuildConfiguration;
			buildSettings = {
				ASSETCATALOG_COMPILER_APPICON_NAME = AppIcon;
				ASSETCATALOG_COMPILER_GLOBAL_ACCENT_COLOR_NAME = AccentColor;
				CODE_SIGN_STYLE = Automatic;
				DEVELOPMENT_TEAM = D4ZUPHQCZR;
				INFOPLIST_FILE = TestingTextFields/Info.plist;
				LD_RUNPATH_SEARCH_PATHS = (
					"$(inherited)",
					"@executable_path/Frameworks",
				);
				PRODUCT_BUNDLE_IDENTIFIER = mario.TestingTextFields;
				PRODUCT_NAME = "$(TARGET_NAME)";
				SWIFT_VERSION = 5.0;
				TARGETED_DEVICE_FAMILY = "1,2";
			};
			name = Release;
		};
		F28D8E4E26C9741A003A885A /* Debug */ = {
			isa = XCBuildConfiguration;
			buildSettings = {
				ALWAYS_EMBED_SWIFT_STANDARD_LIBRARIES = YES;
				BUNDLE_LOADER = "$(TEST_HOST)";
				CODE_SIGN_STYLE = Automatic;
				DEVELOPMENT_TEAM = D4ZUPHQCZR;
				INFOPLIST_FILE = TestingTextFieldsTests/Info.plist;
				IPHONEOS_DEPLOYMENT_TARGET = 14.5;
				LD_RUNPATH_SEARCH_PATHS = (
					"$(inherited)",
					"@executable_path/Frameworks",
					"@loader_path/Frameworks",
				);
				PRODUCT_BUNDLE_IDENTIFIER = mario.TestingTextFieldsTests;
				PRODUCT_NAME = "$(TARGET_NAME)";
				SWIFT_VERSION = 5.0;
				TARGETED_DEVICE_FAMILY = "1,2";
				TEST_HOST = "$(BUILT_PRODUCTS_DIR)/TestingTextFields.app/TestingTextFields";
			};
			name = Debug;
		};
		F28D8E4F26C9741A003A885A /* Release */ = {
			isa = XCBuildConfiguration;
			buildSettings = {
				ALWAYS_EMBED_SWIFT_STANDARD_LIBRARIES = YES;
				BUNDLE_LOADER = "$(TEST_HOST)";
				CODE_SIGN_STYLE = Automatic;
				DEVELOPMENT_TEAM = D4ZUPHQCZR;
				INFOPLIST_FILE = TestingTextFieldsTests/Info.plist;
				IPHONEOS_DEPLOYMENT_TARGET = 14.5;
				LD_RUNPATH_SEARCH_PATHS = (
					"$(inherited)",
					"@executable_path/Frameworks",
					"@loader_path/Frameworks",
				);
				PRODUCT_BUNDLE_IDENTIFIER = mario.TestingTextFieldsTests;
				PRODUCT_NAME = "$(TARGET_NAME)";
				SWIFT_VERSION = 5.0;
				TARGETED_DEVICE_FAMILY = "1,2";
				TEST_HOST = "$(BUILT_PRODUCTS_DIR)/TestingTextFields.app/TestingTextFields";
			};
			name = Release;
		};
/* End XCBuildConfiguration section */

/* Begin XCConfigurationList section */
		F28D8E1B26C97417003A885A /* Build configuration list for PBXProject "TestingTextFields" */ = {
			isa = XCConfigurationList;
			buildConfigurations = (
				F28D8E4826C9741A003A885A /* Debug */,
				F28D8E4926C9741A003A885A /* Release */,
			);
			defaultConfigurationIsVisible = 0;
			defaultConfigurationName = Release;
		};
		F28D8E4A26C9741A003A885A /* Build configuration list for PBXNativeTarget "TestingTextFields" */ = {
			isa = XCConfigurationList;
			buildConfigurations = (
				F28D8E4B26C9741A003A885A /* Debug */,
				F28D8E4C26C9741A003A885A /* Release */,
			);
			defaultConfigurationIsVisible = 0;
			defaultConfigurationName = Release;
		};
		F28D8E4D26C9741A003A885A /* Build configuration list for PBXNativeTarget "TestingTextFieldsTests" */ = {
			isa = XCConfigurationList;
			buildConfigurations = (
				F28D8E4E26C9741A003A885A /* Debug */,
				F28D8E4F26C9741A003A885A /* Release */,
			);
			defaultConfigurationIsVisible = 0;
			defaultConfigurationName = Release;
		};
/* End XCConfigurationList section */
	};
	rootObject = F28D8E1826C97417003A885A /* Project object */;
}
